
Microsoft Visual Studio Solution File, Format Version 12.00
# Visual Studio Version 17
VisualStudioVersion = 17.8.34511.84
MinimumVisualStudioVersion = 10.0.40219.1
Project("{FAE04EC0-301F-11D3-BF4B-00C04F79EFBC}") = "SpecificationPatternHelperApp", "SpecificationPatternHelperApp\SpecificationPatternHelperApp.csproj", "{6A2E4AD8-5127-4B45-A54B-1C4EAB189D31}"
EndProject
Global
	GlobalSection(SolutionConfigurationPlatforms) = preSolution
		Debug|Any CPU = Debug|Any CPU
		Release|Any CPU = Release|Any CPU
	EndGlobalSection
	GlobalSection(ProjectConfigurationPlatforms) = postSolution
		{6A2E4AD8-5127-4B45-A54B-1C4EAB189D31}.Debug|Any CPU.ActiveCfg = Debug|Any CPU
		{6A2E4AD8-5127-4B45-A54B-1C4EAB189D31}.Debug|Any CPU.Build.0 = Debug|Any CPU
		{6A2E4AD8-5127-4B45-A54B-1C4EAB189D31}.Release|Any CPU.ActiveCfg = Release|Any CPU
		{6A2E4AD8-5127-4B45-A54B-1C4EAB189D31}.Release|Any CPU.Build.0 = Release|Any CPU
	EndGlobalSection
	GlobalSection(SolutionProperties) = preSolution
		HideSolutionNode = FALSE
	EndGlobalSection
	GlobalSection(ExtensibilityGlobals) = postSolution
		SolutionGuid = {5FA2C8E1-DD88-403B-A94B-CFDFC2E656FE}
	EndGlobalSection
EndGlobal
